<Solution>
  <Configurations>
    <BuildType Name="Debug" />
    <BuildType Name="Release" />
    <BuildType Name="Tests" />
  </Configurations>
  <Project Path="Qurre.Loader\Qurre.Loader.csproj" Type="Classic C#">
    <Configuration Solution="Tests|Any CPU" Project="Debug|Any CPU" />
  </Project>
  <Project Path="Qurre\Qurre.csproj" Type="Classic C#" />
</Solution>